
Microsoft Visual Studio Solution File, Format Version 12.00
# Visual Studio Version 17
VisualStudioVersion = 17.9.34728.123
MinimumVisualStudioVersion = 10.0.40219.1
Project("{FAE04EC0-301F-11D3-BF4B-00C04F79EFBC}") = "Clase13deabril", "Clase13deabril\Clase13deabril.csproj", "{00AA807F-A84A-426C-9581-624C56A66926}"
EndProject
Global
	GlobalSection(SolutionConfigurationPlatforms) = preSolution
		Debug|Any CPU = Debug|Any CPU
		Release|Any CPU = Release|Any CPU
	EndGlobalSection
	GlobalSection(ProjectConfigurationPlatforms) = postSolution
		{00AA807F-A84A-426C-9581-624C56A66926}.Debug|Any CPU.ActiveCfg = Debug|Any CPU
		{00AA807F-A84A-426C-9581-624C56A66926}.Debug|Any CPU.Build.0 = Debug|Any CPU
		{00AA807F-A84A-426C-9581-624C56A66926}.Release|Any CPU.ActiveCfg = Release|Any CPU
		{00AA807F-A84A-426C-9581-624C56A66926}.Release|Any CPU.Build.0 = Release|Any CPU
	EndGlobalSection
	GlobalSection(SolutionProperties) = preSolution
		HideSolutionNode = FALSE
	EndGlobalSection
	GlobalSection(ExtensibilityGlobals) = postSolution
		SolutionGuid = {582F9866-ACEB-49BD-A630-AED6341205F0}
	EndGlobalSection
EndGlobal
